
Microsoft Visual Studio Solution File, Format Version 12.00
# Visual Studio Version 17
VisualStudioVersion = 17.5.33414.496
MinimumVisualStudioVersion = 10.0.40219.1
Project("{FAE04EC0-301F-11D3-BF4B-00C04F79EFBC}") = "CashierRegisterTuc", "CashierRegisterTuc\CashierRegisterTuc.csproj", "{602C4AB2-D4AA-4E9C-A628-A7F1E31507B8}"
EndProject
Global
	GlobalSection(SolutionConfigurationPlatforms) = preSolution
		Debug|Any CPU = Debug|Any CPU
		Release|Any CPU = Release|Any CPU
	EndGlobalSection
	GlobalSection(ProjectConfigurationPlatforms) = postSolution
		{602C4AB2-D4AA-4E9C-A628-A7F1E31507B8}.Debug|Any CPU.ActiveCfg = Debug|Any CPU
		{602C4AB2-D4AA-4E9C-A628-A7F1E31507B8}.Debug|Any CPU.Build.0 = Debug|Any CPU
		{602C4AB2-D4AA-4E9C-A628-A7F1E31507B8}.Release|Any CPU.ActiveCfg = Release|Any CPU
		{602C4AB2-D4AA-4E9C-A628-A7F1E31507B8}.Release|Any CPU.Build.0 = Release|Any CPU
	EndGlobalSection
	GlobalSection(SolutionProperties) = preSolution
		HideSolutionNode = FALSE
	EndGlobalSection
	GlobalSection(ExtensibilityGlobals) = postSolution
		SolutionGuid = {273C4845-0FAE-4519-B5C1-03D5547E2707}
	EndGlobalSection
EndGlobal
